{
  "name": "Rbooking",
  "version": "0.0.0",
  "lockfileVersion": 3,
  "requires": true,
  "packages": {
    "": {
      "dependencies": {
        "degit": "^3.4.7"
      }
    },
    "node_modules/degit": {
      "version": "3.4.7",
      "resolved": "https://registry.npmjs.org/degit/-/degit-3.4.7.tgz",
      "integrity": "sha512-jcFOCSHRTzxTS99A26nSbv+/3YfEhTo3qhDJGk7QvaIP1BxOqZJgfWefWw9CINgEQjY0L/iA9yXC4CN2LcdnlA==",
      "license": "MIT",
      "bin": {
        "degit": "degit"
      },
      "engines": {
        "node": ">=20.0.0"
      }
    }
  }
}
